<?xml version="1.0" encoding="UTF-8" standalone="yes" ?>
<CodeBlocks_project_file>
	<FileVersion major="1" minor="6" />
	<Project>
		<Option title="Zimbra version alpha" />
		<Option pch_mode="2" />
		<Option compiler="gcc" />
		<Build>
			<Target title="Debug">
				<Option output="bin/Debug/Zimbra version alpha" prefix_auto="1" extension_auto="1" />
				<Option object_output="obj/Debug/" />
				<Option type="1" />
				<Option compiler="gcc" />
				<Compiler>
					<Add option="-g" />
				</Compiler>
			</Target>
			<Target title="Release">
				<Option output="bin/Release/Zimbra version alpha" prefix_auto="1" extension_auto="1" />
				<Option object_output="obj/Release/" />
				<Option type="1" />
				<Option compiler="gcc" />
				<Compiler>
					<Add option="-O2" />
				</Compiler>
				<Linker>
					<Add option="-s" />
				</Linker>
			</Target>
		</Build>
		<Compiler>
			<Add option="-Wall" />
		</Compiler>
		<Unit filename="constantes.h" />
		<Unit filename="fonctions/creer_compte.c">
			<Option compilerVar="CC" />
		</Unit>
		<Unit filename="fonctions/creer_compte.h" />
		<Unit filename="fonctions/existe_nom.c">
			<Option compilerVar="CC" />
		</Unit>
		<Unit filename="fonctions/existe_nom.h" />
		<Unit filename="fonctions/get_utilisateur.c">
			<Option compilerVar="CC" />
		</Unit>
		<Unit filename="fonctions/get_utilisateur.h" />
		<Unit filename="fonctions/maj_fichier.c">
			<Option compilerVar="CC" />
		</Unit>
		<Unit filename="fonctions/maj_fichier.h" />
		<Unit filename="fonctions/menu_demarrer.c">
			<Option compilerVar="CC" />
		</Unit>
		<Unit filename="fonctions/menu_demarrer.h" />
		<Unit filename="fonctions/menu_dossier.c">
			<Option compilerVar="CC" />
		</Unit>
		<Unit filename="fonctions/menu_dossier.h" />
		<Unit filename="fonctions/nom_valide.c">
			<Option compilerVar="CC" />
		</Unit>
		<Unit filename="fonctions/nom_valide.h" />
		<Unit filename="main.c">
			<Option compilerVar="CC" />
		</Unit>
		<Unit filename="structures/dossier.h" />
		<Unit filename="structures/message.h" />
		<Unit filename="structures/utilisateur.h" />
		<Extensions>
			<code_completion />
			<envvars />
			<debugger />
			<lib_finder disable_auto="1" />
		</Extensions>
	</Project>
</CodeBlocks_project_file>
